// !$*UTF8*$!
{
	archiveVersion = 1;
	classes = {
	};
	objectVersion = 56;
	objects = {

/* Begin PBXBuildFile section */
		54FFE4F92BEE05D8008445BE /* AppDelegate.swift in Sources */ = {isa = PBXBuildFile; fileRef = 54FFE4F82BEE05D8008445BE /* AppDelegate.swift */; };
		54FFE4FB2BEE05D8008445BE /* SceneDelegate.swift in Sources */ = {isa = PBXBuildFile; fileRef = 54FFE4FA2BEE05D8008445BE /* SceneDelegate.swift */; };
		54FFE5002BEE05D8008445BE /* Base in Resources */ = {isa = PBXBuildFile; fileRef = 54FFE4FF2BEE05D8008445BE /* Base */; };
		54FFE5022BEE05D9008445BE /* Assets.xcassets in Resources */ = {isa = PBXBuildFile; fileRef = 54FFE5012BEE05D9008445BE /* Assets.xcassets */; };
		54FFE5052BEE05D9008445BE /* Base in Resources */ = {isa = PBXBuildFile; fileRef = 54FFE5042BEE05D9008445BE /* Base */; };
		54FFE5102BEE06EA008445BE /* TableViewController.swift in Sources */ = {isa = PBXBuildFile; fileRef = 54FFE50F2BEE06EA008445BE /* TableViewController.swift */; };
		54FFE5122BEE091B008445BE /* TodoList.swift in Sources */ = {isa = PBXBuildFile; fileRef = 54FFE5112BEE091B008445BE /* TodoList.swift */; };
		54FFE5142BEE0932008445BE /* TodoListDB.swift in Sources */ = {isa = PBXBuildFile; fileRef = 54FFE5132BEE0932008445BE /* TodoListDB.swift */; };
		FEA6A2A22BEF5B3E00E2F834 /* SearchTodoViewController.swift in Sources */ = {isa = PBXBuildFile; fileRef = FEA6A2A12BEF5B3E00E2F834 /* SearchTodoViewController.swift */; };
/* End PBXBuildFile section */

/* Begin PBXFileReference section */
		54FFE4F52BEE05D8008445BE /* SQLiteTodoAdvanced.app */ = {isa = PBXFileReference; explicitFileType = wrapper.application; includeInIndex = 0; path = SQLiteTodoAdvanced.app; sourceTree = BUILT_PRODUCTS_DIR; };
		54FFE4F82BEE05D8008445BE /* AppDelegate.swift */ = {isa = PBXFileReference; lastKnownFileType = sourcecode.swift; path = AppDelegate.swift; sourceTree = "<group>"; };
		54FFE4FA2BEE05D8008445BE /* SceneDelegate.swift */ = {isa = PBXFileReference; lastKnownFileType = sourcecode.swift; path = SceneDelegate.swift; sourceTree = "<group>"; };
		54FFE4FF2BEE05D8008445BE /* Base */ = {isa = PBXFileReference; lastKnownFileType = file.storyboard; name = Base; path = Base.lproj/Main.storyboard; sourceTree = "<group>"; };
		54FFE5012BEE05D9008445BE /* Assets.xcassets */ = {isa = PBXFileReference; lastKnownFileType = folder.assetcatalog; path = Assets.xcassets; sourceTree = "<group>"; };
		54FFE5042BEE05D9008445BE /* Base */ = {isa = PBXFileReference; lastKnownFileType = file.storyboard; name = Base; path = Base.lproj/LaunchScreen.storyboard; sourceTree = "<group>"; };
		54FFE5062BEE05D9008445BE /* Info.plist */ = {isa = PBXFileReference; lastKnownFileType = text.plist.xml; path = Info.plist; sourceTree = "<group>"; };
		54FFE50F2BEE06EA008445BE /* TableViewController.swift */ = {isa = PBXFileReference; lastKnownFileType = sourcecode.swift; path = TableViewController.swift; sourceTree = "<group>"; };
		54FFE5112BEE091B008445BE /* TodoList.swift */ = {isa = PBXFileReference; lastKnownFileType = sourcecode.swift; path = TodoList.swift; sourceTree = "<group>"; };
		54FFE5132BEE0932008445BE /* TodoListDB.swift */ = {isa = PBXFileReference; lastKnownFileType = sourcecode.swift; path = TodoListDB.swift; sourceTree = "<group>"; };
		FEA6A2A12BEF5B3E00E2F834 /* SearchTodoViewController.swift */ = {isa = PBXFileReference; lastKnownFileType = sourcecode.swift; path = SearchTodoViewController.swift; sourceTree = "<group>"; };
/* End PBXFileReference section */

/* Begin PBXFrameworksBuildPhase section */
		54FFE4F22BEE05D8008445BE /* Frameworks */ = {
			isa = PBXFrameworksBuildPhase;
			buildActionMask = 2147483647;
			files = (
			);
			runOnlyForDeploymentPostprocessing = 0;
		};
/* End PBXFrameworksBuildPhase section */

/* Begin PBXGroup section */
		54FFE4EC2BEE05D8008445BE = {
			isa = PBXGroup;
			children = (
				54FFE4F72BEE05D8008445BE /* SQLiteTodoAdvanced */,
				54FFE4F62BEE05D8008445BE /* Products */,
			);
			sourceTree = "<group>";
		};
		54FFE4F62BEE05D8008445BE /* Products */ = {
			isa = PBXGroup;
			children = (
				54FFE4F52BEE05D8008445BE /* SQLiteTodoAdvanced.app */,
			);
			name = Products;
			sourceTree = "<group>";
		};
		54FFE4F72BEE05D8008445BE /* SQLiteTodoAdvanced */ = {
			isa = PBXGroup;
			children = (
				54FFE50E2BEE05EF008445BE /* Model */,
				54FFE50D2BEE05EB008445BE /* View */,
				54FFE50C2BEE05DF008445BE /* VM */,
				54FFE4F82BEE05D8008445BE /* AppDelegate.swift */,
				54FFE4FA2BEE05D8008445BE /* SceneDelegate.swift */,
				54FFE4FE2BEE05D8008445BE /* Main.storyboard */,
				54FFE5012BEE05D9008445BE /* Assets.xcassets */,
				54FFE5032BEE05D9008445BE /* LaunchScreen.storyboard */,
				54FFE5062BEE05D9008445BE /* Info.plist */,
			);
			path = SQLiteTodoAdvanced;
			sourceTree = "<group>";
		};
		54FFE50C2BEE05DF008445BE /* VM */ = {
			isa = PBXGroup;
			children = (
				54FFE5132BEE0932008445BE /* TodoListDB.swift */,
			);
			path = VM;
			sourceTree = "<group>";
		};
		54FFE50D2BEE05EB008445BE /* View */ = {
			isa = PBXGroup;
			children = (
				54FFE50F2BEE06EA008445BE /* TableViewController.swift */,
				FEA6A2A12BEF5B3E00E2F834 /* SearchTodoViewController.swift */,
			);
			path = View;
			sourceTree = "<group>";
		};
		54FFE50E2BEE05EF008445BE /* Model */ = {
			isa = PBXGroup;
			children = (
				54FFE5112BEE091B008445BE /* TodoList.swift */,
			);
			path = Model;
			sourceTree = "<group>";
		};
/* End PBXGroup section */

/* Begin PBXNativeTarget section */
		54FFE4F42BEE05D8008445BE /* SQLiteTodoAdvanced */ = {
			isa = PBXNativeTarget;
			buildConfigurationList = 54FFE5092BEE05D9008445BE /* Build configuration list for PBXNativeTarget "SQLiteTodoAdvanced" */;
			buildPhases = (
				54FFE4F12BEE05D8008445BE /* Sources */,
				54FFE4F22BEE05D8008445BE /* Frameworks */,
				54FFE4F32BEE05D8008445BE /* Resources */,
			);
			buildRules = (
			);
			dependencies = (
			);
			name = SQLiteTodoAdvanced;
			productName = SQLiteTodoAdvanced;
			productReference = 54FFE4F52BEE05D8008445BE /* SQLiteTodoAdvanced.app */;
			productType = "com.apple.product-type.application";
		};
/* End PBXNativeTarget section */

/* Begin PBXProject section */
		54FFE4ED2BEE05D8008445BE /* Project object */ = {
			isa = PBXProject;
			attributes = {
				BuildIndependentTargetsInParallel = 1;
				LastSwiftUpdateCheck = 1530;
				LastUpgradeCheck = 1530;
				TargetAttributes = {
					54FFE4F42BEE05D8008445BE = {
						CreatedOnToolsVersion = 15.3;
					};
				};
			};
			buildConfigurationList = 54FFE4F02BEE05D8008445BE /* Build configuration list for PBXProject "SQLiteTodoAdvanced" */;
			compatibilityVersion = "Xcode 14.0";
			developmentRegion = en;
			hasScannedForEncodings = 0;
			knownRegions = (
				en,
				Base,
			);
			mainGroup = 54FFE4EC2BEE05D8008445BE;
			productRefGroup = 54FFE4F62BEE05D8008445BE /* Products */;
			projectDirPath = "";
			projectRoot = "";
			targets = (
				54FFE4F42BEE05D8008445BE /* SQLiteTodoAdvanced */,
			);
		};
/* End PBXProject section */

/* Begin PBXResourcesBuildPhase section */
		54FFE4F32BEE05D8008445BE /* Resources */ = {
			isa = PBXResourcesBuildPhase;
			buildActionMask = 2147483647;
			files = (
				54FFE5022BEE05D9008445BE /* Assets.xcassets in Resources */,
				54FFE5052BEE05D9008445BE /* Base in Resources */,
				54FFE5002BEE05D8008445BE /* Base in Resources */,
			);
			runOnlyForDeploymentPostprocessing = 0;
		};
/* End PBXResourcesBuildPhase section */

/* Begin PBXSourcesBuildPhase section */
		54FFE4F12BEE05D8008445BE /* Sources */ = {
			isa = PBXSourcesBuildPhase;
			buildActionMask = 2147483647;
			files = (
				54FFE4F92BEE05D8008445BE /* AppDelegate.swift in Sources */,
				FEA6A2A22BEF5B3E00E2F834 /* SearchTodoViewController.swift in Sources */,
				54FFE5102BEE06EA008445BE /* TableViewController.swift in Sources */,
				54FFE5142BEE0932008445BE /* TodoListDB.swift in Sources */,
				54FFE4FB2BEE05D8008445BE /* SceneDelegate.swift in Sources */,
				54FFE5122BEE091B008445BE /* TodoList.swift in Sources */,
			);
			runOnlyForDeploymentPostprocessing = 0;
		};
/* End PBXSourcesBuildPhase section */

/* Begin PBXVariantGroup section */
		54FFE4FE2BEE05D8008445BE /* Main.storyboard */ = {
			isa = PBXVariantGroup;
			children = (
				54FFE4FF2BEE05D8008445BE /* Base */,
			);
			name = Main.storyboard;
			sourceTree = "<group>";
		};
		54FFE5032BEE05D9008445BE /* LaunchScreen.storyboard */ = {
			isa = PBXVariantGroup;
			children = (
				54FFE5042BEE05D9008445BE /* Base */,
			);
			name = LaunchScreen.storyboard;
			sourceTree = "<group>";
		};
/* End PBXVariantGroup section */

/* Begin XCBuildConfiguration section */
		54FFE5072BEE05D9008445BE /* Debug */ = {
			isa = XCBuildConfiguration;
			buildSettings = {
				ALWAYS_SEARCH_USER_PATHS = NO;
				ASSETCATALOG_COMPILER_GENERATE_SWIFT_ASSET_SYMBOL_EXTENSIONS = YES;
				CLANG_ANALYZER_NONNULL = YES;
				CLANG_ANALYZER_NUMBER_OBJECT_CONVERSION = YES_AGGRESSIVE;
				CLANG_CXX_LANGUAGE_STANDARD = "gnu++20";
				CLANG_ENABLE_MODULES = YES;
				CLANG_ENABLE_OBJC_ARC = YES;
				CLANG_ENABLE_OBJC_WEAK = YES;
				CLANG_WARN_BLOCK_CAPTURE_AUTORELEASING = YES;
				CLANG_WARN_BOOL_CONVERSION = YES;
				CLANG_WARN_COMMA = YES;
				CLANG_WARN_CONSTANT_CONVERSION = YES;
				CLANG_WARN_DEPRECATED_OBJC_IMPLEMENTATIONS = YES;
				CLANG_WARN_DIRECT_OBJC_ISA_USAGE = YES_ERROR;
				CLANG_WARN_DOCUMENTATION_COMMENTS = YES;
				CLANG_WARN_EMPTY_BODY = YES;
				CLANG_WARN_ENUM_CONVERSION = YES;
				CLANG_WARN_INFINITE_RECURSION = YES;
				CLANG_WARN_INT_CONVERSION = YES;
				CLANG_WARN_NON_LITERAL_NULL_CONVERSION = YES;
				CLANG_WARN_OBJC_IMPLICIT_RETAIN_SELF = YES;
				CLANG_WARN_OBJC_LITERAL_CONVERSION = YES;
				CLANG_WARN_OBJC_ROOT_CLASS = YES_ERROR;
				CLANG_WARN_QUOTED_INCLUDE_IN_FRAMEWORK_HEADER = YES;
				CLANG_WARN_RANGE_LOOP_ANALYSIS = YES;
				CLANG_WARN_STRICT_PROTOTYPES = YES;
				CLANG_WARN_SUSPICIOUS_MOVE = YES;
				CLANG_WARN_UNGUARDED_AVAILABILITY = YES_AGGRESSIVE;
				CLANG_WARN_UNREACHABLE_CODE = YES;
				CLANG_WARN__DUPLICATE_METHOD_MATCH = YES;
				COPY_PHASE_STRIP = NO;
				DEBUG_INFORMATION_FORMAT = dwarf;
				ENABLE_STRICT_OBJC_MSGSEND = YES;
				ENABLE_TESTABILITY = YES;
				ENABLE_USER_SCRIPT_SANDBOXING = YES;
				GCC_C_LANGUAGE_STANDARD = gnu17;
				GCC_DYNAMIC_NO_PIC = NO;
				GCC_NO_COMMON_BLOCKS = YES;
				GCC_OPTIMIZATION_LEVEL = 0;
				GCC_PREPROCESSOR_DEFINITIONS = (
					"DEBUG=1",
					"$(inherited)",
				);
				GCC_WARN_64_TO_32_BIT_CONVERSION = YES;
				GCC_WARN_ABOUT_RETURN_TYPE = YES_ERROR;
				GCC_WARN_UNDECLARED_SELECTOR = YES;
				GCC_WARN_UNINITIALIZED_AUTOS = YES_AGGRESSIVE;
				GCC_WARN_UNUSED_FUNCTION = YES;
				GCC_WARN_UNUSED_VARIABLE = YES;
				IPHONEOS_DEPLOYMENT_TARGET = 17.4;
				LOCALIZATION_PREFERS_STRING_CATALOGS = YES;
				MTL_ENABLE_DEBUG_INFO = INCLUDE_SOURCE;
				MTL_FAST_MATH = YES;
				ONLY_ACTIVE_ARCH = YES;
				SDKROOT = iphoneos;
				SWIFT_ACTIVE_COMPILATION_CONDITIONS = "DEBUG $(inherited)";
				SWIFT_OPTIMIZATION_LEVEL = "-Onone";
			};
			name = Debug;
		};
		54FFE5082BEE05D9008445BE /* Release */ = {
			isa = XCBuildConfiguration;
			buildSettings = {
				ALWAYS_SEARCH_USER_PATHS = NO;
				ASSETCATALOG_COMPILER_GENERATE_SWIFT_ASSET_SYMBOL_EXTENSIONS = YES;
				CLANG_ANALYZER_NONNULL = YES;
				CLANG_ANALYZER_NUMBER_OBJECT_CONVERSION = YES_AGGRESSIVE;
				CLANG_CXX_LANGUAGE_STANDARD = "gnu++20";
				CLANG_ENABLE_MODULES = YES;
				CLANG_ENABLE_OBJC_ARC = YES;
				CLANG_ENABLE_OBJC_WEAK = YES;
				CLANG_WARN_BLOCK_CAPTURE_AUTORELEASING = YES;
				CLANG_WARN_BOOL_CONVERSION = YES;
				CLANG_WARN_COMMA = YES;
				CLANG_WARN_CONSTANT_CONVERSION = YES;
				CLANG_WARN_DEPRECATED_OBJC_IMPLEMENTATIONS = YES;
				CLANG_WARN_DIRECT_OBJC_ISA_USAGE = YES_ERROR;
				CLANG_WARN_DOCUMENTATION_COMMENTS = YES;
				CLANG_WARN_EMPTY_BODY = YES;
				CLANG_WARN_ENUM_CONVERSION = YES;
				CLANG_WARN_INFINITE_RECURSION = YES;
				CLANG_WARN_INT_CONVERSION = YES;
				CLANG_WARN_NON_LITERAL_NULL_CONVERSION = YES;
				CLANG_WARN_OBJC_IMPLICIT_RETAIN_SELF = YES;
				CLANG_WARN_OBJC_LITERAL_CONVERSION = YES;
				CLANG_WARN_OBJC_ROOT_CLASS = YES_ERROR;
				CLANG_WARN_QUOTED_INCLUDE_IN_FRAMEWORK_HEADER = YES;
				CLANG_WARN_RANGE_LOOP_ANALYSIS = YES;
				CLANG_WARN_STRICT_PROTOTYPES = YES;
				CLANG_WARN_SUSPICIOUS_MOVE = YES;
				CLANG_WARN_UNGUARDED_AVAILABILITY = YES_AGGRESSIVE;
				CLANG_WARN_UNREACHABLE_CODE = YES;
				CLANG_WARN__DUPLICATE_METHOD_MATCH = YES;
				COPY_PHASE_STRIP = NO;
				DEBUG_INFORMATION_FORMAT = "dwarf-with-dsym";
				ENABLE_NS_ASSERTIONS = NO;
				ENABLE_STRICT_OBJC_MSGSEND = YES;
				ENABLE_USER_SCRIPT_SANDBOXING = YES;
				GCC_C_LANGUAGE_STANDARD = gnu17;
				GCC_NO_COMMON_BLOCKS = YES;
				GCC_WARN_64_TO_32_BIT_CONVERSION = YES;
				GCC_WARN_ABOUT_RETURN_TYPE = YES_ERROR;
				GCC_WARN_UNDECLARED_SELECTOR = YES;
				GCC_WARN_UNINITIALIZED_AUTOS = YES_AGGRESSIVE;
				GCC_WARN_UNUSED_FUNCTION = YES;
				GCC_WARN_UNUSED_VARIABLE = YES;
				IPHONEOS_DEPLOYMENT_TARGET = 17.4;
				LOCALIZATION_PREFERS_STRING_CATALOGS = YES;
				MTL_ENABLE_DEBUG_INFO = NO;
				MTL_FAST_MATH = YES;
				SDKROOT = iphoneos;
				SWIFT_COMPILATION_MODE = wholemodule;
				VALIDATE_PRODUCT = YES;
			};
			name = Release;
		};
		54FFE50A2BEE05D9008445BE /* Debug */ = {
			isa = XCBuildConfiguration;
			buildSettings = {
				ASSETCATALOG_COMPILER_APPICON_NAME = AppIcon;
				ASSETCATALOG_COMPILER_GLOBAL_ACCENT_COLOR_NAME = AccentColor;
				CODE_SIGN_STYLE = Automatic;
				CURRENT_PROJECT_VERSION = 1;
				GENERATE_INFOPLIST_FILE = YES;
				INFOPLIST_FILE = SQLiteTodoAdvanced/Info.plist;
				INFOPLIST_KEY_UIApplicationSupportsIndirectInputEvents = YES;
				INFOPLIST_KEY_UILaunchStoryboardName = LaunchScreen;
				INFOPLIST_KEY_UIMainStoryboardFile = Main;
				INFOPLIST_KEY_UISupportedInterfaceOrientations_iPad = "UIInterfaceOrientationPortrait UIInterfaceOrientationPortraitUpsideDown UIInterfaceOrientationLandscapeLeft UIInterfaceOrientationLandscapeRight";
				INFOPLIST_KEY_UISupportedInterfaceOrientations_iPhone = "UIInterfaceOrientationPortrait UIInterfaceOrientationLandscapeLeft UIInterfaceOrientationLandscapeRight";
				LD_RUNPATH_SEARCH_PATHS = (
					"$(inherited)",
					"@executable_path/Frameworks",
				);
				MARKETING_VERSION = 1.0;
				PRODUCT_BUNDLE_IDENTIFIER = com.swiftlec.SQLiteTodoAdvanced;
				PRODUCT_NAME = "$(TARGET_NAME)";
				SUPPORTED_PLATFORMS = "iphoneos iphonesimulator";
				SUPPORTS_MACCATALYST = NO;
				SUPPORTS_MAC_DESIGNED_FOR_IPHONE_IPAD = NO;
				SUPPORTS_XR_DESIGNED_FOR_IPHONE_IPAD = NO;
				SWIFT_EMIT_LOC_STRINGS = YES;
				SWIFT_VERSION = 5.0;
				TARGETED_DEVICE_FAMILY = "1,2";
			};
			name = Debug;
		};
		54FFE50B2BEE05D9008445BE /* Release */ = {
			isa = XCBuildConfiguration;
			buildSettings = {
				ASSETCATALOG_COMPILER_APPICON_NAME = AppIcon;
				ASSETCATALOG_COMPILER_GLOBAL_ACCENT_COLOR_NAME = AccentColor;
				CODE_SIGN_STYLE = Automatic;
				CURRENT_PROJECT_VERSION = 1;
				GENERATE_INFOPLIST_FILE = YES;
				INFOPLIST_FILE = SQLiteTodoAdvanced/Info.plist;
				INFOPLIST_KEY_UIApplicationSupportsIndirectInputEvents = YES;
				INFOPLIST_KEY_UILaunchStoryboardName = LaunchScreen;
				INFOPLIST_KEY_UIMainStoryboardFile = Main;
				INFOPLIST_KEY_UISupportedInterfaceOrientations_iPad = "UIInterfaceOrientationPortrait UIInterfaceOrientationPortraitUpsideDown UIInterfaceOrientationLandscapeLeft UIInterfaceOrientationLandscapeRight";
				INFOPLIST_KEY_UISupportedInterfaceOrientations_iPhone = "UIInterfaceOrientationPortrait UIInterfaceOrientationLandscapeLeft UIInterfaceOrientationLandscapeRight";
				LD_RUNPATH_SEARCH_PATHS = (
					"$(inherited)",
					"@executable_path/Frameworks",
				);
				MARKETING_VERSION = 1.0;
				PRODUCT_BUNDLE_IDENTIFIER = com.swiftlec.SQLiteTodoAdvanced;
				PRODUCT_NAME = "$(TARGET_NAME)";
				SUPPORTED_PLATFORMS = "iphoneos iphonesimulator";
				SUPPORTS_MACCATALYST = NO;
				SUPPORTS_MAC_DESIGNED_FOR_IPHONE_IPAD = NO;
				SUPPORTS_XR_DESIGNED_FOR_IPHONE_IPAD = NO;
				SWIFT_EMIT_LOC_STRINGS = YES;
				SWIFT_VERSION = 5.0;
				TARGETED_DEVICE_FAMILY = "1,2";
			};
			name = Release;
		};
/* End XCBuildConfiguration section */

/* Begin XCConfigurationList section */
		54FFE4F02BEE05D8008445BE /* Build configuration list for PBXProject "SQLiteTodoAdvanced" */ = {
			isa = XCConfigurationList;
			buildConfigurations = (
				54FFE5072BEE05D9008445BE /* Debug */,
				54FFE5082BEE05D9008445BE /* Release */,
			);
			defaultConfigurationIsVisible = 0;
			defaultConfigurationName = Release;
		};
		54FFE5092BEE05D9008445BE /* Build configuration list for PBXNativeTarget "SQLiteTodoAdvanced" */ = {
			isa = XCConfigurationList;
			buildConfigurations = (
				54FFE50A2BEE05D9008445BE /* Debug */,
				54FFE50B2BEE05D9008445BE /* Release */,
			);
			defaultConfigurationIsVisible = 0;
			defaultConfigurationName = Release;
		};
/* End XCConfigurationList section */
	};
	rootObject = 54FFE4ED2BEE05D8008445BE /* Project object */;
}
